
Microsoft Visual Studio Solution File, Format Version 12.00
# Visual Studio Version 17
VisualStudioVersion = 17.0.31903.59
MinimumVisualStudioVersion = 10.0.40219.1
Project("{FAE04EC0-301F-11D3-BF4B-00C04F79EFBC}") = "Subhub.Presentation", "Subhub.Presentation\Subhub.Presentation.csproj", "{80D3108C-ACD8-443D-B3DE-FF287671E323}"
EndProject
Project("{FAE04EC0-301F-11D3-BF4B-00C04F79EFBC}") = "Subhub.Contracts", "Subhub.Contracts\Subhub.Contracts.csproj", "{F1501B79-7AC9-4E84-9B04-314C33D1AAD9}"
EndProject
Project("{FAE04EC0-301F-11D3-BF4B-00C04F79EFBC}") = "Subhub.Application", "Subhub.Application\Subhub.Application.csproj", "{25F9E2E6-D937-4509-9F11-7EDAC00CDA19}"
EndProject
Project("{FAE04EC0-301F-11D3-BF4B-00C04F79EFBC}") = "Subhub.Domain", "Subhub.Domain\Subhub.Domain.csproj", "{CCE09DCD-7ABF-4D16-9520-1D1F7FF360BF}"
EndProject
Project("{FAE04EC0-301F-11D3-BF4B-00C04F79EFBC}") = "Subhub.Infrastructure", "Subhub.Infrastructure\Subhub.Infrastructure.csproj", "{D1046C4F-CA18-4115-9CF7-99C49F639E02}"
EndProject
Global
	GlobalSection(SolutionConfigurationPlatforms) = preSolution
		Debug|Any CPU = Debug|Any CPU
		Release|Any CPU = Release|Any CPU
	EndGlobalSection
	GlobalSection(SolutionProperties) = preSolution
		HideSolutionNode = FALSE
	EndGlobalSection
	GlobalSection(ProjectConfigurationPlatforms) = postSolution
		{80D3108C-ACD8-443D-B3DE-FF287671E323}.Debug|Any CPU.ActiveCfg = Debug|Any CPU
		{80D3108C-ACD8-443D-B3DE-FF287671E323}.Debug|Any CPU.Build.0 = Debug|Any CPU
		{80D3108C-ACD8-443D-B3DE-FF287671E323}.Release|Any CPU.ActiveCfg = Release|Any CPU
		{80D3108C-ACD8-443D-B3DE-FF287671E323}.Release|Any CPU.Build.0 = Release|Any CPU
		{F1501B79-7AC9-4E84-9B04-314C33D1AAD9}.Debug|Any CPU.ActiveCfg = Debug|Any CPU
		{F1501B79-7AC9-4E84-9B04-314C33D1AAD9}.Debug|Any CPU.Build.0 = Debug|Any CPU
		{F1501B79-7AC9-4E84-9B04-314C33D1AAD9}.Release|Any CPU.ActiveCfg = Release|Any CPU
		{F1501B79-7AC9-4E84-9B04-314C33D1AAD9}.Release|Any CPU.Build.0 = Release|Any CPU
		{25F9E2E6-D937-4509-9F11-7EDAC00CDA19}.Debug|Any CPU.ActiveCfg = Debug|Any CPU
		{25F9E2E6-D937-4509-9F11-7EDAC00CDA19}.Debug|Any CPU.Build.0 = Debug|Any CPU
		{25F9E2E6-D937-4509-9F11-7EDAC00CDA19}.Release|Any CPU.ActiveCfg = Release|Any CPU
		{25F9E2E6-D937-4509-9F11-7EDAC00CDA19}.Release|Any CPU.Build.0 = Release|Any CPU
		{CCE09DCD-7ABF-4D16-9520-1D1F7FF360BF}.Debug|Any CPU.ActiveCfg = Debug|Any CPU
		{CCE09DCD-7ABF-4D16-9520-1D1F7FF360BF}.Debug|Any CPU.Build.0 = Debug|Any CPU
		{CCE09DCD-7ABF-4D16-9520-1D1F7FF360BF}.Release|Any CPU.ActiveCfg = Release|Any CPU
		{CCE09DCD-7ABF-4D16-9520-1D1F7FF360BF}.Release|Any CPU.Build.0 = Release|Any CPU
		{D1046C4F-CA18-4115-9CF7-99C49F639E02}.Debug|Any CPU.ActiveCfg = Debug|Any CPU
		{D1046C4F-CA18-4115-9CF7-99C49F639E02}.Debug|Any CPU.Build.0 = Debug|Any CPU
		{D1046C4F-CA18-4115-9CF7-99C49F639E02}.Release|Any CPU.ActiveCfg = Release|Any CPU
		{D1046C4F-CA18-4115-9CF7-99C49F639E02}.Release|Any CPU.Build.0 = Release|Any CPU
	EndGlobalSection
EndGlobal
